
Microsoft Visual Studio Solution File, Format Version 12.00
# Visual Studio Version 17
VisualStudioVersion = 17.5.002.0
MinimumVisualStudioVersion = 10.0.40219.1
Project("{9A19103F-16F7-4668-BE54-9A1E7A4F7556}") = "Hogwarts.Api", "Hogwarts.Api\Hogwarts.Api.csproj", "{D38D9A3B-E1F4-4D40-8C8C-9EC3E5E0F7B7}"
EndProject
Global
	GlobalSection(SolutionConfigurationPlatforms) = preSolution
		Debug|Any CPU = Debug|Any CPU
		Release|Any CPU = Release|Any CPU
	EndGlobalSection
	GlobalSection(ProjectConfigurationPlatforms) = postSolution
		{D38D9A3B-E1F4-4D40-8C8C-9EC3E5E0F7B7}.Debug|Any CPU.ActiveCfg = Debug|Any CPU
		{D38D9A3B-E1F4-4D40-8C8C-9EC3E5E0F7B7}.Debug|Any CPU.Build.0 = Debug|Any CPU
		{D38D9A3B-E1F4-4D40-8C8C-9EC3E5E0F7B7}.Release|Any CPU.ActiveCfg = Release|Any CPU
		{D38D9A3B-E1F4-4D40-8C8C-9EC3E5E0F7B7}.Release|Any CPU.Build.0 = Release|Any CPU
	EndGlobalSection
	GlobalSection(SolutionProperties) = preSolution
		HideSolutionNode = FALSE
	EndGlobalSection
	GlobalSection(ExtensibilityGlobals) = postSolution
		SolutionGuid = {B1E9C885-0554-459C-99B0-21CBF4E8F114}
	EndGlobalSection
EndGlobal
